# THIS IS AN AUTOGENERATED FILE. DO NOT EDIT THIS FILE DIRECTLY.
# yarn lockfile v1


hyperlinker@^1.0.0:
  version "1.0.0"
  resolved "https://registry.yarnpkg.com/hyperlinker/-/hyperlinker-1.0.0.tgz#23dc9e38a206b208ee49bc2d6c8ef47027df0c0e"
  integrity sha512-Ty8UblRWFEcfSuIaajM34LdPXIhbs1ajEX/BBPv24J+enSVaEVY63xQ6lTO9VRYS5LAoghIG0IDJ+p+IPzKUQQ==
